
Microsoft Visual Studio Solution File, Format Version 12.00
# Visual Studio 15
VisualStudioVersion = 15.0.28307.1000
MinimumVisualStudioVersion = 10.0.40219.1
Project("{FAE04EC0-301F-11D3-BF4B-00C04F79EFBC}") = "MVC", "MVC\MVC.csproj", "{5DE211D3-1C2A-4817-8D28-B4CF5E424839}"
EndProject
Global
	GlobalSection(SolutionConfigurationPlatforms) = preSolution
		Debug|Any CPU = Debug|Any CPU
		Release|Any CPU = Release|Any CPU
	EndGlobalSection
	GlobalSection(ProjectConfigurationPlatforms) = postSolution
		{5DE211D3-1C2A-4817-8D28-B4CF5E424839}.Debug|Any CPU.ActiveCfg = Debug|Any CPU
		{5DE211D3-1C2A-4817-8D28-B4CF5E424839}.Debug|Any CPU.Build.0 = Debug|Any CPU
		{5DE211D3-1C2A-4817-8D28-B4CF5E424839}.Release|Any CPU.ActiveCfg = Release|Any CPU
		{5DE211D3-1C2A-4817-8D28-B4CF5E424839}.Release|Any CPU.Build.0 = Release|Any CPU
	EndGlobalSection
	GlobalSection(SolutionProperties) = preSolution
		HideSolutionNode = FALSE
	EndGlobalSection
	GlobalSection(ExtensibilityGlobals) = postSolution
		SolutionGuid = {D816B82D-10DD-4D36-BF1B-B26292219573}
	EndGlobalSection
EndGlobal
